// !$*UTF8*$!
{
	archiveVersion = 1;
	classes = {
	};
	objectVersion = 56;
	objects = {

/* Begin PBXBuildFile section */
		17010ED72CD7C14000C773F5 /* ListViewModel.swift in Sources */ = {isa = PBXBuildFile; fileRef = 17010ED62CD7C14000C773F5 /* ListViewModel.swift */; };
		172DEDD22CCD80CD0007F492 /* AddView.swift in Sources */ = {isa = PBXBuildFile; fileRef = 172DEDD12CCD80CD0007F492 /* AddView.swift */; };
		173A4C692CC91E510087B8AC /* DoneYetApp.swift in Sources */ = {isa = PBXBuildFile; fileRef = 173A4C682CC91E510087B8AC /* DoneYetApp.swift */; };
		173A4C6D2CC91E520087B8AC /* Assets.xcassets in Resources */ = {isa = PBXBuildFile; fileRef = 173A4C6C2CC91E520087B8AC /* Assets.xcassets */; };
		173A4C702CC91E520087B8AC /* Preview Assets.xcassets in Resources */ = {isa = PBXBuildFile; fileRef = 173A4C6F2CC91E520087B8AC /* Preview Assets.xcassets */; };
		173A4C782CC924600087B8AC /* ListView.swift in Sources */ = {isa = PBXBuildFile; fileRef = 173A4C772CC924600087B8AC /* ListView.swift */; };
		173A4C7A2CC9284C0087B8AC /* ListRowView.swift in Sources */ = {isa = PBXBuildFile; fileRef = 173A4C792CC9284C0087B8AC /* ListRowView.swift */; };
		17BE0BD42CDF818D006DCDEB /* NoItemsView.swift in Sources */ = {isa = PBXBuildFile; fileRef = 17BE0BD32CDF818D006DCDEB /* NoItemsView.swift */; };
		17BE0BD62CDF90A0006DCDEB /* Property List.plist in Resources */ = {isa = PBXBuildFile; fileRef = 17BE0BD52CDF90A0006DCDEB /* Property List.plist */; };
		17BE0BD82CDF91E4006DCDEB /* LaunchScreen.storyboard in Resources */ = {isa = PBXBuildFile; fileRef = 17BE0BD72CDF91E4006DCDEB /* LaunchScreen.storyboard */; };
		17F40D522CCD908C0038EDFC /* ItemModel.swift in Sources */ = {isa = PBXBuildFile; fileRef = 17F40D512CCD908C0038EDFC /* ItemModel.swift */; };
/* End PBXBuildFile section */

/* Begin PBXFileReference section */
		17010ED62CD7C14000C773F5 /* ListViewModel.swift */ = {isa = PBXFileReference; lastKnownFileType = sourcecode.swift; path = ListViewModel.swift; sourceTree = "<group>"; };
		172DEDD12CCD80CD0007F492 /* AddView.swift */ = {isa = PBXFileReference; lastKnownFileType = sourcecode.swift; path = AddView.swift; sourceTree = "<group>"; };
		173A4C652CC91E510087B8AC /* DoneYet.app */ = {isa = PBXFileReference; explicitFileType = wrapper.application; includeInIndex = 0; path = DoneYet.app; sourceTree = BUILT_PRODUCTS_DIR; };
		173A4C682CC91E510087B8AC /* DoneYetApp.swift */ = {isa = PBXFileReference; lastKnownFileType = sourcecode.swift; path = DoneYetApp.swift; sourceTree = "<group>"; };
		173A4C6C2CC91E520087B8AC /* Assets.xcassets */ = {isa = PBXFileReference; lastKnownFileType = folder.assetcatalog; path = Assets.xcassets; sourceTree = "<group>"; };
		173A4C6F2CC91E520087B8AC /* Preview Assets.xcassets */ = {isa = PBXFileReference; lastKnownFileType = folder.assetcatalog; path = "Preview Assets.xcassets"; sourceTree = "<group>"; };
		173A4C772CC924600087B8AC /* ListView.swift */ = {isa = PBXFileReference; lastKnownFileType = sourcecode.swift; path = ListView.swift; sourceTree = "<group>"; };
		173A4C792CC9284C0087B8AC /* ListRowView.swift */ = {isa = PBXFileReference; lastKnownFileType = sourcecode.swift; path = ListRowView.swift; sourceTree = "<group>"; };
		17BE0BD32CDF818D006DCDEB /* NoItemsView.swift */ = {isa = PBXFileReference; lastKnownFileType = sourcecode.swift; path = NoItemsView.swift; sourceTree = "<group>"; };
		17BE0BD52CDF90A0006DCDEB /* Property List.plist */ = {isa = PBXFileReference; lastKnownFileType = text.plist.xml; path = "Property List.plist"; sourceTree = "<group>"; };
		17BE0BD72CDF91E4006DCDEB /* LaunchScreen.storyboard */ = {isa = PBXFileReference; lastKnownFileType = file.storyboard; path = LaunchScreen.storyboard; sourceTree = "<group>"; };
		17F40D512CCD908C0038EDFC /* ItemModel.swift */ = {isa = PBXFileReference; lastKnownFileType = sourcecode.swift; path = ItemModel.swift; sourceTree = "<group>"; };
/* End PBXFileReference section */

/* Begin PBXFrameworksBuildPhase section */
		173A4C622CC91E510087B8AC /* Frameworks */ = {
			isa = PBXFrameworksBuildPhase;
			buildActionMask = 2147483647;
			files = (
			);
			runOnlyForDeploymentPostprocessing = 0;
		};
/* End PBXFrameworksBuildPhase section */

/* Begin PBXGroup section */
		17010ED52CD7C11D00C773F5 /* ViewModels */ = {
			isa = PBXGroup;
			children = (
				17010ED62CD7C14000C773F5 /* ListViewModel.swift */,
			);
			path = ViewModels;
			sourceTree = "<group>";
		};
		173A4C5C2CC91E510087B8AC = {
			isa = PBXGroup;
			children = (
				173A4C672CC91E510087B8AC /* DoneYet */,
				173A4C662CC91E510087B8AC /* Products */,
			);
			sourceTree = "<group>";
		};
		173A4C662CC91E510087B8AC /* Products */ = {
			isa = PBXGroup;
			children = (
				173A4C652CC91E510087B8AC /* DoneYet.app */,
			);
			name = Products;
			sourceTree = "<group>";
		};
		173A4C672CC91E510087B8AC /* DoneYet */ = {
			isa = PBXGroup;
			children = (
				173A4C682CC91E510087B8AC /* DoneYetApp.swift */,
				17F40D502CCD905D0038EDFC /* Models */,
				17010ED52CD7C11D00C773F5 /* ViewModels */,
				173A4C762CC924300087B8AC /* Views */,
				173A4C6C2CC91E520087B8AC /* Assets.xcassets */,
				173A4C6E2CC91E520087B8AC /* Preview Content */,
				17BE0BD52CDF90A0006DCDEB /* Property List.plist */,
			);
			path = DoneYet;
			sourceTree = "<group>";
		};
		173A4C6E2CC91E520087B8AC /* Preview Content */ = {
			isa = PBXGroup;
			children = (
				173A4C6F2CC91E520087B8AC /* Preview Assets.xcassets */,
			);
			path = "Preview Content";
			sourceTree = "<group>";
		};
		173A4C762CC924300087B8AC /* Views */ = {
			isa = PBXGroup;
			children = (
				17BE0BD72CDF91E4006DCDEB /* LaunchScreen.storyboard */,
				173A4C772CC924600087B8AC /* ListView.swift */,
				173A4C792CC9284C0087B8AC /* ListRowView.swift */,
				17BE0BD32CDF818D006DCDEB /* NoItemsView.swift */,
				172DEDD12CCD80CD0007F492 /* AddView.swift */,
			);
			path = Views;
			sourceTree = "<group>";
		};
		17F40D502CCD905D0038EDFC /* Models */ = {
			isa = PBXGroup;
			children = (
				17F40D512CCD908C0038EDFC /* ItemModel.swift */,
			);
			path = Models;
			sourceTree = "<group>";
		};
/* End PBXGroup section */

/* Begin PBXNativeTarget section */
		173A4C642CC91E510087B8AC /* DoneYet */ = {
			isa = PBXNativeTarget;
			buildConfigurationList = 173A4C732CC91E520087B8AC /* Build configuration list for PBXNativeTarget "DoneYet" */;
			buildPhases = (
				173A4C612CC91E510087B8AC /* Sources */,
				173A4C622CC91E510087B8AC /* Frameworks */,
				173A4C632CC91E510087B8AC /* Resources */,
			);
			buildRules = (
			);
			dependencies = (
			);
			name = DoneYet;
			productName = DoneYet;
			productReference = 173A4C652CC91E510087B8AC /* DoneYet.app */;
			productType = "com.apple.product-type.application";
		};
/* End PBXNativeTarget section */

/* Begin PBXProject section */
		173A4C5D2CC91E510087B8AC /* Project object */ = {
			isa = PBXProject;
			attributes = {
				BuildIndependentTargetsInParallel = 1;
				LastSwiftUpdateCheck = 1540;
				LastUpgradeCheck = 1540;
				TargetAttributes = {
					173A4C642CC91E510087B8AC = {
						CreatedOnToolsVersion = 15.4;
					};
				};
			};
			buildConfigurationList = 173A4C602CC91E510087B8AC /* Build configuration list for PBXProject "DoneYet" */;
			compatibilityVersion = "Xcode 14.0";
			developmentRegion = en;
			hasScannedForEncodings = 0;
			knownRegions = (
				en,
				Base,
			);
			mainGroup = 173A4C5C2CC91E510087B8AC;
			productRefGroup = 173A4C662CC91E510087B8AC /* Products */;
			projectDirPath = "";
			projectRoot = "";
			targets = (
				173A4C642CC91E510087B8AC /* DoneYet */,
			);
		};
/* End PBXProject section */

/* Begin PBXResourcesBuildPhase section */
		173A4C632CC91E510087B8AC /* Resources */ = {
			isa = PBXResourcesBuildPhase;
			buildActionMask = 2147483647;
			files = (
				17BE0BD62CDF90A0006DCDEB /* Property List.plist in Resources */,
				17BE0BD82CDF91E4006DCDEB /* LaunchScreen.storyboard in Resources */,
				173A4C702CC91E520087B8AC /* Preview Assets.xcassets in Resources */,
				173A4C6D2CC91E520087B8AC /* Assets.xcassets in Resources */,
			);
			runOnlyForDeploymentPostprocessing = 0;
		};
/* End PBXResourcesBuildPhase section */

/* Begin PBXSourcesBuildPhase section */
		173A4C612CC91E510087B8AC /* Sources */ = {
			isa = PBXSourcesBuildPhase;
			buildActionMask = 2147483647;
			files = (
				17F40D522CCD908C0038EDFC /* ItemModel.swift in Sources */,
				172DEDD22CCD80CD0007F492 /* AddView.swift in Sources */,
				17010ED72CD7C14000C773F5 /* ListViewModel.swift in Sources */,
				173A4C782CC924600087B8AC /* ListView.swift in Sources */,
				173A4C692CC91E510087B8AC /* DoneYetApp.swift in Sources */,
				17BE0BD42CDF818D006DCDEB /* NoItemsView.swift in Sources */,
				173A4C7A2CC9284C0087B8AC /* ListRowView.swift in Sources */,
			);
			runOnlyForDeploymentPostprocessing = 0;
		};
/* End PBXSourcesBuildPhase section */

/* Begin XCBuildConfiguration section */
		173A4C712CC91E520087B8AC /* Debug */ = {
			isa = XCBuildConfiguration;
			buildSettings = {
				ALWAYS_SEARCH_USER_PATHS = NO;
				ASSETCATALOG_COMPILER_GENERATE_SWIFT_ASSET_SYMBOL_EXTENSIONS = YES;
				CLANG_ANALYZER_NONNULL = YES;
				CLANG_ANALYZER_NUMBER_OBJECT_CONVERSION = YES_AGGRESSIVE;
				CLANG_CXX_LANGUAGE_STANDARD = "gnu++20";
				CLANG_ENABLE_MODULES = YES;
				CLANG_ENABLE_OBJC_ARC = YES;
				CLANG_ENABLE_OBJC_WEAK = YES;
				CLANG_WARN_BLOCK_CAPTURE_AUTORELEASING = YES;
				CLANG_WARN_BOOL_CONVERSION = YES;
				CLANG_WARN_COMMA = YES;
				CLANG_WARN_CONSTANT_CONVERSION = YES;
				CLANG_WARN_DEPRECATED_OBJC_IMPLEMENTATIONS = YES;
				CLANG_WARN_DIRECT_OBJC_ISA_USAGE = YES_ERROR;
				CLANG_WARN_DOCUMENTATION_COMMENTS = YES;
				CLANG_WARN_EMPTY_BODY = YES;
				CLANG_WARN_ENUM_CONVERSION = YES;
				CLANG_WARN_INFINITE_RECURSION = YES;
				CLANG_WARN_INT_CONVERSION = YES;
				CLANG_WARN_NON_LITERAL_NULL_CONVERSION = YES;
				CLANG_WARN_OBJC_IMPLICIT_RETAIN_SELF = YES;
				CLANG_WARN_OBJC_LITERAL_CONVERSION = YES;
				CLANG_WARN_OBJC_ROOT_CLASS = YES_ERROR;
				CLANG_WARN_QUOTED_INCLUDE_IN_FRAMEWORK_HEADER = YES;
				CLANG_WARN_RANGE_LOOP_ANALYSIS = YES;
				CLANG_WARN_STRICT_PROTOTYPES = YES;
				CLANG_WARN_SUSPICIOUS_MOVE = YES;
				CLANG_WARN_UNGUARDED_AVAILABILITY = YES_AGGRESSIVE;
				CLANG_WARN_UNREACHABLE_CODE = YES;
				CLANG_WARN__DUPLICATE_METHOD_MATCH = YES;
				COPY_PHASE_STRIP = NO;
				DEBUG_INFORMATION_FORMAT = dwarf;
				ENABLE_STRICT_OBJC_MSGSEND = YES;
				ENABLE_TESTABILITY = YES;
				ENABLE_USER_SCRIPT_SANDBOXING = YES;
				GCC_C_LANGUAGE_STANDARD = gnu17;
				GCC_DYNAMIC_NO_PIC = NO;
				GCC_NO_COMMON_BLOCKS = YES;
				GCC_OPTIMIZATION_LEVEL = 0;
				GCC_PREPROCESSOR_DEFINITIONS = (
					"DEBUG=1",
					"$(inherited)",
				);
				GCC_WARN_64_TO_32_BIT_CONVERSION = YES;
				GCC_WARN_ABOUT_RETURN_TYPE = YES_ERROR;
				GCC_WARN_UNDECLARED_SELECTOR = YES;
				GCC_WARN_UNINITIALIZED_AUTOS = YES_AGGRESSIVE;
				GCC_WARN_UNUSED_FUNCTION = YES;
				GCC_WARN_UNUSED_VARIABLE = YES;
				IPHONEOS_DEPLOYMENT_TARGET = 17.5;
				LOCALIZATION_PREFERS_STRING_CATALOGS = YES;
				MTL_ENABLE_DEBUG_INFO = INCLUDE_SOURCE;
				MTL_FAST_MATH = YES;
				ONLY_ACTIVE_ARCH = YES;
				SDKROOT = iphoneos;
				SWIFT_ACTIVE_COMPILATION_CONDITIONS = "DEBUG $(inherited)";
				SWIFT_OPTIMIZATION_LEVEL = "-Onone";
			};
			name = Debug;
		};
		173A4C722CC91E520087B8AC /* Release */ = {
			isa = XCBuildConfiguration;
			buildSettings = {
				ALWAYS_SEARCH_USER_PATHS = NO;
				ASSETCATALOG_COMPILER_GENERATE_SWIFT_ASSET_SYMBOL_EXTENSIONS = YES;
				CLANG_ANALYZER_NONNULL = YES;
				CLANG_ANALYZER_NUMBER_OBJECT_CONVERSION = YES_AGGRESSIVE;
				CLANG_CXX_LANGUAGE_STANDARD = "gnu++20";
				CLANG_ENABLE_MODULES = YES;
				CLANG_ENABLE_OBJC_ARC = YES;
				CLANG_ENABLE_OBJC_WEAK = YES;
				CLANG_WARN_BLOCK_CAPTURE_AUTORELEASING = YES;
				CLANG_WARN_BOOL_CONVERSION = YES;
				CLANG_WARN_COMMA = YES;
				CLANG_WARN_CONSTANT_CONVERSION = YES;
				CLANG_WARN_DEPRECATED_OBJC_IMPLEMENTATIONS = YES;
				CLANG_WARN_DIRECT_OBJC_ISA_USAGE = YES_ERROR;
				CLANG_WARN_DOCUMENTATION_COMMENTS = YES;
				CLANG_WARN_EMPTY_BODY = YES;
				CLANG_WARN_ENUM_CONVERSION = YES;
				CLANG_WARN_INFINITE_RECURSION = YES;
				CLANG_WARN_INT_CONVERSION = YES;
				CLANG_WARN_NON_LITERAL_NULL_CONVERSION = YES;
				CLANG_WARN_OBJC_IMPLICIT_RETAIN_SELF = YES;
				CLANG_WARN_OBJC_LITERAL_CONVERSION = YES;
				CLANG_WARN_OBJC_ROOT_CLASS = YES_ERROR;
				CLANG_WARN_QUOTED_INCLUDE_IN_FRAMEWORK_HEADER = YES;
				CLANG_WARN_RANGE_LOOP_ANALYSIS = YES;
				CLANG_WARN_STRICT_PROTOTYPES = YES;
				CLANG_WARN_SUSPICIOUS_MOVE = YES;
				CLANG_WARN_UNGUARDED_AVAILABILITY = YES_AGGRESSIVE;
				CLANG_WARN_UNREACHABLE_CODE = YES;
				CLANG_WARN__DUPLICATE_METHOD_MATCH = YES;
				COPY_PHASE_STRIP = NO;
				DEBUG_INFORMATION_FORMAT = "dwarf-with-dsym";
				ENABLE_NS_ASSERTIONS = NO;
				ENABLE_STRICT_OBJC_MSGSEND = YES;
				ENABLE_USER_SCRIPT_SANDBOXING = YES;
				GCC_C_LANGUAGE_STANDARD = gnu17;
				GCC_NO_COMMON_BLOCKS = YES;
				GCC_WARN_64_TO_32_BIT_CONVERSION = YES;
				GCC_WARN_ABOUT_RETURN_TYPE = YES_ERROR;
				GCC_WARN_UNDECLARED_SELECTOR = YES;
				GCC_WARN_UNINITIALIZED_AUTOS = YES_AGGRESSIVE;
				GCC_WARN_UNUSED_FUNCTION = YES;
				GCC_WARN_UNUSED_VARIABLE = YES;
				IPHONEOS_DEPLOYMENT_TARGET = 17.5;
				LOCALIZATION_PREFERS_STRING_CATALOGS = YES;
				MTL_ENABLE_DEBUG_INFO = NO;
				MTL_FAST_MATH = YES;
				SDKROOT = iphoneos;
				SWIFT_COMPILATION_MODE = wholemodule;
				VALIDATE_PRODUCT = YES;
			};
			name = Release;
		};
		173A4C742CC91E520087B8AC /* Debug */ = {
			isa = XCBuildConfiguration;
			buildSettings = {
				ASSETCATALOG_COMPILER_APPICON_NAME = AppIcon;
				ASSETCATALOG_COMPILER_GLOBAL_ACCENT_COLOR_NAME = AccentColor;
				CODE_SIGN_STYLE = Automatic;
				CURRENT_PROJECT_VERSION = 1;
				DEVELOPMENT_ASSET_PATHS = "\"DoneYet/Preview Content\"";
				DEVELOPMENT_TEAM = PZ22MVLYZ5;
				ENABLE_PREVIEWS = YES;
				GENERATE_INFOPLIST_FILE = YES;
				INFOPLIST_KEY_CFBundleDisplayName = "Done Yet";
				INFOPLIST_KEY_UIApplicationSceneManifest_Generation = YES;
				INFOPLIST_KEY_UIApplicationSupportsIndirectInputEvents = YES;
				INFOPLIST_KEY_UILaunchScreen_Generation = YES;
				INFOPLIST_KEY_UILaunchStoryboardName = LaunchScreen.storyboard;
				INFOPLIST_KEY_UISupportedInterfaceOrientations_iPad = "UIInterfaceOrientationPortrait UIInterfaceOrientationPortraitUpsideDown UIInterfaceOrientationLandscapeLeft UIInterfaceOrientationLandscapeRight";
				INFOPLIST_KEY_UISupportedInterfaceOrientations_iPhone = "UIInterfaceOrientationPortrait UIInterfaceOrientationLandscapeLeft UIInterfaceOrientationLandscapeRight";
				LD_RUNPATH_SEARCH_PATHS = (
					"$(inherited)",
					"@executable_path/Frameworks",
				);
				MARKETING_VERSION = 1.0;
				PRODUCT_BUNDLE_IDENTIFIER = com.keremturkozu.DoneYet;
				PRODUCT_NAME = "$(TARGET_NAME)";
				SWIFT_EMIT_LOC_STRINGS = YES;
				SWIFT_VERSION = 5.0;
				TARGETED_DEVICE_FAMILY = "1,2";
			};
			name = Debug;
		};
		173A4C752CC91E520087B8AC /* Release */ = {
			isa = XCBuildConfiguration;
			buildSettings = {
				ASSETCATALOG_COMPILER_APPICON_NAME = AppIcon;
				ASSETCATALOG_COMPILER_GLOBAL_ACCENT_COLOR_NAME = AccentColor;
				CODE_SIGN_STYLE = Automatic;
				CURRENT_PROJECT_VERSION = 1;
				DEVELOPMENT_ASSET_PATHS = "\"DoneYet/Preview Content\"";
				DEVELOPMENT_TEAM = PZ22MVLYZ5;
				ENABLE_PREVIEWS = YES;
				GENERATE_INFOPLIST_FILE = YES;
				INFOPLIST_KEY_CFBundleDisplayName = "Done Yet";
				INFOPLIST_KEY_UIApplicationSceneManifest_Generation = YES;
				INFOPLIST_KEY_UIApplicationSupportsIndirectInputEvents = YES;
				INFOPLIST_KEY_UILaunchScreen_Generation = YES;
				INFOPLIST_KEY_UILaunchStoryboardName = LaunchScreen.storyboard;
				INFOPLIST_KEY_UISupportedInterfaceOrientations_iPad = "UIInterfaceOrientationPortrait UIInterfaceOrientationPortraitUpsideDown UIInterfaceOrientationLandscapeLeft UIInterfaceOrientationLandscapeRight";
				INFOPLIST_KEY_UISupportedInterfaceOrientations_iPhone = "UIInterfaceOrientationPortrait UIInterfaceOrientationLandscapeLeft UIInterfaceOrientationLandscapeRight";
				LD_RUNPATH_SEARCH_PATHS = (
					"$(inherited)",
					"@executable_path/Frameworks",
				);
				MARKETING_VERSION = 1.0;
				PRODUCT_BUNDLE_IDENTIFIER = com.keremturkozu.DoneYet;
				PRODUCT_NAME = "$(TARGET_NAME)";
				SWIFT_EMIT_LOC_STRINGS = YES;
				SWIFT_VERSION = 5.0;
				TARGETED_DEVICE_FAMILY = "1,2";
			};
			name = Release;
		};
/* End XCBuildConfiguration section */

/* Begin XCConfigurationList section */
		173A4C602CC91E510087B8AC /* Build configuration list for PBXProject "DoneYet" */ = {
			isa = XCConfigurationList;
			buildConfigurations = (
				173A4C712CC91E520087B8AC /* Debug */,
				173A4C722CC91E520087B8AC /* Release */,
			);
			defaultConfigurationIsVisible = 0;
			defaultConfigurationName = Release;
		};
		173A4C732CC91E520087B8AC /* Build configuration list for PBXNativeTarget "DoneYet" */ = {
			isa = XCConfigurationList;
			buildConfigurations = (
				173A4C742CC91E520087B8AC /* Debug */,
				173A4C752CC91E520087B8AC /* Release */,
			);
			defaultConfigurationIsVisible = 0;
			defaultConfigurationName = Release;
		};
/* End XCConfigurationList section */
	};
	rootObject = 173A4C5D2CC91E510087B8AC /* Project object */;
}
